
Microsoft Visual Studio Solution File, Format Version 12.00
# Visual Studio 14
VisualStudioVersion = 14.0.25420.1
MinimumVisualStudioVersion = 10.0.40219.1
Project("{FAE04EC0-301F-11D3-BF4B-00C04F79EFBC}") = "XFNetStd", "XFNetStd\XFNetStd\XFNetStd.csproj", "{76AD0C36-3AE8-46CD-9D00-03F573979711}"
EndProject
Project("{FAE04EC0-301F-11D3-BF4B-00C04F79EFBC}") = "XFNetStd.Droid", "XFNetStd\XFNetStd.Droid\XFNetStd.Droid.csproj", "{8820A18C-3CC3-4FA0-8533-D225F0EEA31F}"
EndProject
Project("{FAE04EC0-301F-11D3-BF4B-00C04F79EFBC}") = "XFNetStd.iOS", "XFNetStd\XFNetStd.iOS\XFNetStd.iOS.csproj", "{AAB03FDC-10EB-43BB-9ED8-E66D464F51ED}"
EndProject
Project("{FAE04EC0-301F-11D3-BF4B-00C04F79EFBC}") = "XFNetStd.WinPhone", "XFNetStd\XFNetStd.WinPhone\XFNetStd.WinPhone.csproj", "{35FA68B7-3533-4A13-88D3-B94BEF64F63C}"
EndProject
Project("{FAE04EC0-301F-11D3-BF4B-00C04F79EFBC}") = "XFNetStd.UWP", "XFNetStd\XFNetStd.UWP\XFNetStd.UWP.csproj", "{CF15B695-B347-4F1D-B303-27EC36FB23DA}"
EndProject
Project("{FAE04EC0-301F-11D3-BF4B-00C04F79EFBC}") = "XFNetStd.Windows", "XFNetStd\XFNetStd.Windows\XFNetStd.Windows.csproj", "{CB588D05-D766-41FE-B8FD-F6C62E2FF6E7}"
EndProject
Global
	GlobalSection(SolutionConfigurationPlatforms) = preSolution
		Ad-Hoc|Any CPU = Ad-Hoc|Any CPU
		Ad-Hoc|ARM = Ad-Hoc|ARM
		Ad-Hoc|iPhone = Ad-Hoc|iPhone
		Ad-Hoc|iPhoneSimulator = Ad-Hoc|iPhoneSimulator
		Ad-Hoc|x64 = Ad-Hoc|x64
		Ad-Hoc|x86 = Ad-Hoc|x86
		AppStore|Any CPU = AppStore|Any CPU
		AppStore|ARM = AppStore|ARM
		AppStore|iPhone = AppStore|iPhone
		AppStore|iPhoneSimulator = AppStore|iPhoneSimulator
		AppStore|x64 = AppStore|x64
		AppStore|x86 = AppStore|x86
		Debug|Any CPU = Debug|Any CPU
		Debug|ARM = Debug|ARM
		Debug|iPhone = Debug|iPhone
		Debug|iPhoneSimulator = Debug|iPhoneSimulator
		Debug|x64 = Debug|x64
		Debug|x86 = Debug|x86
		Release|Any CPU = Release|Any CPU
		Release|ARM = Release|ARM
		Release|iPhone = Release|iPhone
		Release|iPhoneSimulator = Release|iPhoneSimulator
		Release|x64 = Release|x64
		Release|x86 = Release|x86
	EndGlobalSection
	GlobalSection(ProjectConfigurationPlatforms) = postSolution
		{76AD0C36-3AE8-46CD-9D00-03F573979711}.Ad-Hoc|Any CPU.ActiveCfg = Release|Any CPU
		{76AD0C36-3AE8-46CD-9D00-03F573979711}.Ad-Hoc|Any CPU.Build.0 = Release|Any CPU
		{76AD0C36-3AE8-46CD-9D00-03F573979711}.Ad-Hoc|ARM.ActiveCfg = Release|Any CPU
		{76AD0C36-3AE8-46CD-9D00-03F573979711}.Ad-Hoc|ARM.Build.0 = Release|Any CPU
		{76AD0C36-3AE8-46CD-9D00-03F573979711}.Ad-Hoc|iPhone.ActiveCfg = Release|Any CPU
		{76AD0C36-3AE8-46CD-9D00-03F573979711}.Ad-Hoc|iPhone.Build.0 = Release|Any CPU
		{76AD0C36-3AE8-46CD-9D00-03F573979711}.Ad-Hoc|iPhoneSimulator.ActiveCfg = Release|Any CPU
		{76AD0C36-3AE8-46CD-9D00-03F573979711}.Ad-Hoc|iPhoneSimulator.Build.0 = Release|Any CPU
		{76AD0C36-3AE8-46CD-9D00-03F573979711}.Ad-Hoc|x64.ActiveCfg = Release|Any CPU
		{76AD0C36-3AE8-46CD-9D00-03F573979711}.Ad-Hoc|x64.Build.0 = Release|Any CPU
		{76AD0C36-3AE8-46CD-9D00-03F573979711}.Ad-Hoc|x86.ActiveCfg = Release|Any CPU
		{76AD0C36-3AE8-46CD-9D00-03F573979711}.Ad-Hoc|x86.Build.0 = Release|Any CPU
		{76AD0C36-3AE8-46CD-9D00-03F573979711}.AppStore|Any CPU.ActiveCfg = Release|Any CPU
		{76AD0C36-3AE8-46CD-9D00-03F573979711}.AppStore|Any CPU.Build.0 = Release|Any CPU
		{76AD0C36-3AE8-46CD-9D00-03F573979711}.AppStore|ARM.ActiveCfg = Release|Any CPU
		{76AD0C36-3AE8-46CD-9D00-03F573979711}.AppStore|ARM.Build.0 = Release|Any CPU
		{76AD0C36-3AE8-46CD-9D00-03F573979711}.AppStore|iPhone.ActiveCfg = Release|Any CPU
		{76AD0C36-3AE8-46CD-9D00-03F573979711}.AppStore|iPhone.Build.0 = Release|Any CPU
		{76AD0C36-3AE8-46CD-9D00-03F573979711}.AppStore|iPhoneSimulator.ActiveCfg = Release|Any CPU
		{76AD0C36-3AE8-46CD-9D00-03F573979711}.AppStore|iPhoneSimulator.Build.0 = Release|Any CPU
		{76AD0C36-3AE8-46CD-9D00-03F573979711}.AppStore|x64.ActiveCfg = Release|Any CPU
		{76AD0C36-3AE8-46CD-9D00-03F573979711}.AppStore|x64.Build.0 = Release|Any CPU
		{76AD0C36-3AE8-46CD-9D00-03F573979711}.AppStore|x86.ActiveCfg = Release|Any CPU
		{76AD0C36-3AE8-46CD-9D00-03F573979711}.AppStore|x86.Build.0 = Release|Any CPU
		{76AD0C36-3AE8-46CD-9D00-03F573979711}.Debug|Any CPU.ActiveCfg = Debug|Any CPU
		{76AD0C36-3AE8-46CD-9D00-03F573979711}.Debug|Any CPU.Build.0 = Debug|Any CPU
		{76AD0C36-3AE8-46CD-9D00-03F573979711}.Debug|ARM.ActiveCfg = Debug|Any CPU
		{76AD0C36-3AE8-46CD-9D00-03F573979711}.Debug|ARM.Build.0 = Debug|Any CPU
		{76AD0C36-3AE8-46CD-9D00-03F573979711}.Debug|iPhone.ActiveCfg = Debug|Any CPU
		{76AD0C36-3AE8-46CD-9D00-03F573979711}.Debug|iPhone.Build.0 = Debug|Any CPU
		{76AD0C36-3AE8-46CD-9D00-03F573979711}.Debug|iPhoneSimulator.ActiveCfg = Debug|Any CPU
		{76AD0C36-3AE8-46CD-9D00-03F573979711}.Debug|iPhoneSimulator.Build.0 = Debug|Any CPU
		{76AD0C36-3AE8-46CD-9D00-03F573979711}.Debug|x64.ActiveCfg = Debug|Any CPU
		{76AD0C36-3AE8-46CD-9D00-03F573979711}.Debug|x64.Build.0 = Debug|Any CPU
		{76AD0C36-3AE8-46CD-9D00-03F573979711}.Debug|x86.ActiveCfg = Debug|Any CPU
		{76AD0C36-3AE8-46CD-9D00-03F573979711}.Debug|x86.Build.0 = Debug|Any CPU
		{76AD0C36-3AE8-46CD-9D00-03F573979711}.Release|Any CPU.ActiveCfg = Release|Any CPU
		{76AD0C36-3AE8-46CD-9D00-03F573979711}.Release|Any CPU.Build.0 = Release|Any CPU
		{76AD0C36-3AE8-46CD-9D00-03F573979711}.Release|ARM.ActiveCfg = Release|Any CPU
		{76AD0C36-3AE8-46CD-9D00-03F573979711}.Release|ARM.Build.0 = Release|Any CPU
		{76AD0C36-3AE8-46CD-9D00-03F573979711}.Release|iPhone.ActiveCfg = Release|Any CPU
		{76AD0C36-3AE8-46CD-9D00-03F573979711}.Release|iPhone.Build.0 = Release|Any CPU
		{76AD0C36-3AE8-46CD-9D00-03F573979711}.Release|iPhoneSimulator.ActiveCfg = Release|Any CPU
		{76AD0C36-3AE8-46CD-9D00-03F573979711}.Release|iPhoneSimulator.Build.0 = Release|Any CPU
		{76AD0C36-3AE8-46CD-9D00-03F573979711}.Release|x64.ActiveCfg = Release|Any CPU
		{76AD0C36-3AE8-46CD-9D00-03F573979711}.Release|x64.Build.0 = Release|Any CPU
		{76AD0C36-3AE8-46CD-9D00-03F573979711}.Release|x86.ActiveCfg = Release|Any CPU
		{76AD0C36-3AE8-46CD-9D00-03F573979711}.Release|x86.Build.0 = Release|Any CPU
		{8820A18C-3CC3-4FA0-8533-D225F0EEA31F}.Ad-Hoc|Any CPU.ActiveCfg = Release|Any CPU
		{8820A18C-3CC3-4FA0-8533-D225F0EEA31F}.Ad-Hoc|Any CPU.Build.0 = Release|Any CPU
		{8820A18C-3CC3-4FA0-8533-D225F0EEA31F}.Ad-Hoc|Any CPU.Deploy.0 = Release|Any CPU
		{8820A18C-3CC3-4FA0-8533-D225F0EEA31F}.Ad-Hoc|ARM.ActiveCfg = Release|Any CPU
		{8820A18C-3CC3-4FA0-8533-D225F0EEA31F}.Ad-Hoc|ARM.Build.0 = Release|Any CPU
		{8820A18C-3CC3-4FA0-8533-D225F0EEA31F}.Ad-Hoc|ARM.Deploy.0 = Release|Any CPU
		{8820A18C-3CC3-4FA0-8533-D225F0EEA31F}.Ad-Hoc|iPhone.ActiveCfg = Release|Any CPU
		{8820A18C-3CC3-4FA0-8533-D225F0EEA31F}.Ad-Hoc|iPhone.Build.0 = Release|Any CPU
		{8820A18C-3CC3-4FA0-8533-D225F0EEA31F}.Ad-Hoc|iPhone.Deploy.0 = Release|Any CPU
		{8820A18C-3CC3-4FA0-8533-D225F0EEA31F}.Ad-Hoc|iPhoneSimulator.ActiveCfg = Release|Any CPU
		{8820A18C-3CC3-4FA0-8533-D225F0EEA31F}.Ad-Hoc|iPhoneSimulator.Build.0 = Release|Any CPU
		{8820A18C-3CC3-4FA0-8533-D225F0EEA31F}.Ad-Hoc|iPhoneSimulator.Deploy.0 = Release|Any CPU
		{8820A18C-3CC3-4FA0-8533-D225F0EEA31F}.Ad-Hoc|x64.ActiveCfg = Release|Any CPU
		{8820A18C-3CC3-4FA0-8533-D225F0EEA31F}.Ad-Hoc|x64.Build.0 = Release|Any CPU
		{8820A18C-3CC3-4FA0-8533-D225F0EEA31F}.Ad-Hoc|x64.Deploy.0 = Release|Any CPU
		{8820A18C-3CC3-4FA0-8533-D225F0EEA31F}.Ad-Hoc|x86.ActiveCfg = Release|Any CPU
		{8820A18C-3CC3-4FA0-8533-D225F0EEA31F}.Ad-Hoc|x86.Build.0 = Release|Any CPU
		{8820A18C-3CC3-4FA0-8533-D225F0EEA31F}.Ad-Hoc|x86.Deploy.0 = Release|Any CPU
		{8820A18C-3CC3-4FA0-8533-D225F0EEA31F}.AppStore|Any CPU.ActiveCfg = Release|Any CPU
		{8820A18C-3CC3-4FA0-8533-D225F0EEA31F}.AppStore|Any CPU.Build.0 = Release|Any CPU
		{8820A18C-3CC3-4FA0-8533-D225F0EEA31F}.AppStore|Any CPU.Deploy.0 = Release|Any CPU
		{8820A18C-3CC3-4FA0-8533-D225F0EEA31F}.AppStore|ARM.ActiveCfg = Release|Any CPU
		{8820A18C-3CC3-4FA0-8533-D225F0EEA31F}.AppStore|ARM.Build.0 = Release|Any CPU
		{8820A18C-3CC3-4FA0-8533-D225F0EEA31F}.AppStore|ARM.Deploy.0 = Release|Any CPU
		{8820A18C-3CC3-4FA0-8533-D225F0EEA31F}.AppStore|iPhone.ActiveCfg = Release|Any CPU
		{8820A18C-3CC3-4FA0-8533-D225F0EEA31F}.AppStore|iPhone.Build.0 = Release|Any CPU
		{8820A18C-3CC3-4FA0-8533-D225F0EEA31F}.AppStore|iPhone.Deploy.0 = Release|Any CPU
		{8820A18C-3CC3-4FA0-8533-D225F0EEA31F}.AppStore|iPhoneSimulator.ActiveCfg = Release|Any CPU
		{8820A18C-3CC3-4FA0-8533-D225F0EEA31F}.AppStore|iPhoneSimulator.Build.0 = Release|Any CPU
		{8820A18C-3CC3-4FA0-8533-D225F0EEA31F}.AppStore|iPhoneSimulator.Deploy.0 = Release|Any CPU
		{8820A18C-3CC3-4FA0-8533-D225F0EEA31F}.AppStore|x64.ActiveCfg = Release|Any CPU
		{8820A18C-3CC3-4FA0-8533-D225F0EEA31F}.AppStore|x64.Build.0 = Release|Any CPU
		{8820A18C-3CC3-4FA0-8533-D225F0EEA31F}.AppStore|x64.Deploy.0 = Release|Any CPU
		{8820A18C-3CC3-4FA0-8533-D225F0EEA31F}.AppStore|x86.ActiveCfg = Release|Any CPU
		{8820A18C-3CC3-4FA0-8533-D225F0EEA31F}.AppStore|x86.Build.0 = Release|Any CPU
		{8820A18C-3CC3-4FA0-8533-D225F0EEA31F}.AppStore|x86.Deploy.0 = Release|Any CPU
		{8820A18C-3CC3-4FA0-8533-D225F0EEA31F}.Debug|Any CPU.ActiveCfg = Debug|Any CPU
		{8820A18C-3CC3-4FA0-8533-D225F0EEA31F}.Debug|Any CPU.Build.0 = Debug|Any CPU
		{8820A18C-3CC3-4FA0-8533-D225F0EEA31F}.Debug|Any CPU.Deploy.0 = Debug|Any CPU
		{8820A18C-3CC3-4FA0-8533-D225F0EEA31F}.Debug|ARM.ActiveCfg = Debug|Any CPU
		{8820A18C-3CC3-4FA0-8533-D225F0EEA31F}.Debug|ARM.Build.0 = Debug|Any CPU
		{8820A18C-3CC3-4FA0-8533-D225F0EEA31F}.Debug|ARM.Deploy.0 = Debug|Any CPU
		{8820A18C-3CC3-4FA0-8533-D225F0EEA31F}.Debug|iPhone.ActiveCfg = Debug|Any CPU
		{8820A18C-3CC3-4FA0-8533-D225F0EEA31F}.Debug|iPhone.Build.0 = Debug|Any CPU
		{8820A18C-3CC3-4FA0-8533-D225F0EEA31F}.Debug|iPhone.Deploy.0 = Debug|Any CPU
		{8820A18C-3CC3-4FA0-8533-D225F0EEA31F}.Debug|iPhoneSimulator.ActiveCfg = Debug|Any CPU
		{8820A18C-3CC3-4FA0-8533-D225F0EEA31F}.Debug|iPhoneSimulator.Build.0 = Debug|Any CPU
		{8820A18C-3CC3-4FA0-8533-D225F0EEA31F}.Debug|iPhoneSimulator.Deploy.0 = Debug|Any CPU
		{8820A18C-3CC3-4FA0-8533-D225F0EEA31F}.Debug|x64.ActiveCfg = Debug|Any CPU
		{8820A18C-3CC3-4FA0-8533-D225F0EEA31F}.Debug|x64.Build.0 = Debug|Any CPU
		{8820A18C-3CC3-4FA0-8533-D225F0EEA31F}.Debug|x64.Deploy.0 = Debug|Any CPU
		{8820A18C-3CC3-4FA0-8533-D225F0EEA31F}.Debug|x86.ActiveCfg = Debug|Any CPU
		{8820A18C-3CC3-4FA0-8533-D225F0EEA31F}.Debug|x86.Build.0 = Debug|Any CPU
		{8820A18C-3CC3-4FA0-8533-D225F0EEA31F}.Debug|x86.Deploy.0 = Debug|Any CPU
		{8820A18C-3CC3-4FA0-8533-D225F0EEA31F}.Release|Any CPU.ActiveCfg = Release|Any CPU
		{8820A18C-3CC3-4FA0-8533-D225F0EEA31F}.Release|Any CPU.Build.0 = Release|Any CPU
		{8820A18C-3CC3-4FA0-8533-D225F0EEA31F}.Release|Any CPU.Deploy.0 = Release|Any CPU
		{8820A18C-3CC3-4FA0-8533-D225F0EEA31F}.Release|ARM.ActiveCfg = Release|Any CPU
		{8820A18C-3CC3-4FA0-8533-D225F0EEA31F}.Release|ARM.Build.0 = Release|Any CPU
		{8820A18C-3CC3-4FA0-8533-D225F0EEA31F}.Release|ARM.Deploy.0 = Release|Any CPU
		{8820A18C-3CC3-4FA0-8533-D225F0EEA31F}.Release|iPhone.ActiveCfg = Release|Any CPU
		{8820A18C-3CC3-4FA0-8533-D225F0EEA31F}.Release|iPhone.Build.0 = Release|Any CPU
		{8820A18C-3CC3-4FA0-8533-D225F0EEA31F}.Release|iPhone.Deploy.0 = Release|Any CPU
		{8820A18C-3CC3-4FA0-8533-D225F0EEA31F}.Release|iPhoneSimulator.ActiveCfg = Release|Any CPU
		{8820A18C-3CC3-4FA0-8533-D225F0EEA31F}.Release|iPhoneSimulator.Build.0 = Release|Any CPU
		{8820A18C-3CC3-4FA0-8533-D225F0EEA31F}.Release|iPhoneSimulator.Deploy.0 = Release|Any CPU
		{8820A18C-3CC3-4FA0-8533-D225F0EEA31F}.Release|x64.ActiveCfg = Release|Any CPU
		{8820A18C-3CC3-4FA0-8533-D225F0EEA31F}.Release|x64.Build.0 = Release|Any CPU
		{8820A18C-3CC3-4FA0-8533-D225F0EEA31F}.Release|x64.Deploy.0 = Release|Any CPU
		{8820A18C-3CC3-4FA0-8533-D225F0EEA31F}.Release|x86.ActiveCfg = Release|Any CPU
		{8820A18C-3CC3-4FA0-8533-D225F0EEA31F}.Release|x86.Build.0 = Release|Any CPU
		{8820A18C-3CC3-4FA0-8533-D225F0EEA31F}.Release|x86.Deploy.0 = Release|Any CPU
		{AAB03FDC-10EB-43BB-9ED8-E66D464F51ED}.Ad-Hoc|Any CPU.ActiveCfg = Ad-Hoc|iPhone
		{AAB03FDC-10EB-43BB-9ED8-E66D464F51ED}.Ad-Hoc|ARM.ActiveCfg = Ad-Hoc|iPhone
		{AAB03FDC-10EB-43BB-9ED8-E66D464F51ED}.Ad-Hoc|iPhone.ActiveCfg = Ad-Hoc|iPhone
		{AAB03FDC-10EB-43BB-9ED8-E66D464F51ED}.Ad-Hoc|iPhone.Build.0 = Ad-Hoc|iPhone
		{AAB03FDC-10EB-43BB-9ED8-E66D464F51ED}.Ad-Hoc|iPhoneSimulator.ActiveCfg = Ad-Hoc|iPhoneSimulator
		{AAB03FDC-10EB-43BB-9ED8-E66D464F51ED}.Ad-Hoc|iPhoneSimulator.Build.0 = Ad-Hoc|iPhoneSimulator
		{AAB03FDC-10EB-43BB-9ED8-E66D464F51ED}.Ad-Hoc|x64.ActiveCfg = Ad-Hoc|iPhone
		{AAB03FDC-10EB-43BB-9ED8-E66D464F51ED}.Ad-Hoc|x86.ActiveCfg = Ad-Hoc|iPhone
		{AAB03FDC-10EB-43BB-9ED8-E66D464F51ED}.AppStore|Any CPU.ActiveCfg = AppStore|iPhone
		{AAB03FDC-10EB-43BB-9ED8-E66D464F51ED}.AppStore|ARM.ActiveCfg = AppStore|iPhone
		{AAB03FDC-10EB-43BB-9ED8-E66D464F51ED}.AppStore|iPhone.ActiveCfg = AppStore|iPhone
		{AAB03FDC-10EB-43BB-9ED8-E66D464F51ED}.AppStore|iPhone.Build.0 = AppStore|iPhone
		{AAB03FDC-10EB-43BB-9ED8-E66D464F51ED}.AppStore|iPhoneSimulator.ActiveCfg = AppStore|iPhoneSimulator
		{AAB03FDC-10EB-43BB-9ED8-E66D464F51ED}.AppStore|iPhoneSimulator.Build.0 = AppStore|iPhoneSimulator
		{AAB03FDC-10EB-43BB-9ED8-E66D464F51ED}.AppStore|x64.ActiveCfg = AppStore|iPhone
		{AAB03FDC-10EB-43BB-9ED8-E66D464F51ED}.AppStore|x86.ActiveCfg = AppStore|iPhone
		{AAB03FDC-10EB-43BB-9ED8-E66D464F51ED}.Debug|Any CPU.ActiveCfg = Debug|iPhone
		{AAB03FDC-10EB-43BB-9ED8-E66D464F51ED}.Debug|ARM.ActiveCfg = Debug|iPhone
		{AAB03FDC-10EB-43BB-9ED8-E66D464F51ED}.Debug|iPhone.ActiveCfg = Debug|iPhone
		{AAB03FDC-10EB-43BB-9ED8-E66D464F51ED}.Debug|iPhone.Build.0 = Debug|iPhone
		{AAB03FDC-10EB-43BB-9ED8-E66D464F51ED}.Debug|iPhoneSimulator.ActiveCfg = Debug|iPhoneSimulator
		{AAB03FDC-10EB-43BB-9ED8-E66D464F51ED}.Debug|iPhoneSimulator.Build.0 = Debug|iPhoneSimulator
		{AAB03FDC-10EB-43BB-9ED8-E66D464F51ED}.Debug|x64.ActiveCfg = Debug|iPhone
		{AAB03FDC-10EB-43BB-9ED8-E66D464F51ED}.Debug|x86.ActiveCfg = Debug|iPhone
		{AAB03FDC-10EB-43BB-9ED8-E66D464F51ED}.Release|Any CPU.ActiveCfg = Release|iPhone
		{AAB03FDC-10EB-43BB-9ED8-E66D464F51ED}.Release|ARM.ActiveCfg = Release|iPhone
		{AAB03FDC-10EB-43BB-9ED8-E66D464F51ED}.Release|iPhone.ActiveCfg = Release|iPhone
		{AAB03FDC-10EB-43BB-9ED8-E66D464F51ED}.Release|iPhone.Build.0 = Release|iPhone
		{AAB03FDC-10EB-43BB-9ED8-E66D464F51ED}.Release|iPhoneSimulator.ActiveCfg = Release|iPhoneSimulator
		{AAB03FDC-10EB-43BB-9ED8-E66D464F51ED}.Release|iPhoneSimulator.Build.0 = Release|iPhoneSimulator
		{AAB03FDC-10EB-43BB-9ED8-E66D464F51ED}.Release|x64.ActiveCfg = Release|iPhone
		{AAB03FDC-10EB-43BB-9ED8-E66D464F51ED}.Release|x86.ActiveCfg = Release|iPhone
		{35FA68B7-3533-4A13-88D3-B94BEF64F63C}.Ad-Hoc|Any CPU.ActiveCfg = Release|Any CPU
		{35FA68B7-3533-4A13-88D3-B94BEF64F63C}.Ad-Hoc|Any CPU.Build.0 = Release|Any CPU
		{35FA68B7-3533-4A13-88D3-B94BEF64F63C}.Ad-Hoc|Any CPU.Deploy.0 = Release|Any CPU
		{35FA68B7-3533-4A13-88D3-B94BEF64F63C}.Ad-Hoc|ARM.ActiveCfg = Release|ARM
		{35FA68B7-3533-4A13-88D3-B94BEF64F63C}.Ad-Hoc|ARM.Build.0 = Release|ARM
		{35FA68B7-3533-4A13-88D3-B94BEF64F63C}.Ad-Hoc|ARM.Deploy.0 = Release|ARM
		{35FA68B7-3533-4A13-88D3-B94BEF64F63C}.Ad-Hoc|iPhone.ActiveCfg = Release|Any CPU
		{35FA68B7-3533-4A13-88D3-B94BEF64F63C}.Ad-Hoc|iPhone.Build.0 = Release|Any CPU
		{35FA68B7-3533-4A13-88D3-B94BEF64F63C}.Ad-Hoc|iPhone.Deploy.0 = Release|Any CPU
		{35FA68B7-3533-4A13-88D3-B94BEF64F63C}.Ad-Hoc|iPhoneSimulator.ActiveCfg = Release|Any CPU
		{35FA68B7-3533-4A13-88D3-B94BEF64F63C}.Ad-Hoc|iPhoneSimulator.Build.0 = Release|Any CPU
		{35FA68B7-3533-4A13-88D3-B94BEF64F63C}.Ad-Hoc|iPhoneSimulator.Deploy.0 = Release|Any CPU
		{35FA68B7-3533-4A13-88D3-B94BEF64F63C}.Ad-Hoc|x64.ActiveCfg = Release|Any CPU
		{35FA68B7-3533-4A13-88D3-B94BEF64F63C}.Ad-Hoc|x64.Build.0 = Release|Any CPU
		{35FA68B7-3533-4A13-88D3-B94BEF64F63C}.Ad-Hoc|x64.Deploy.0 = Release|Any CPU
		{35FA68B7-3533-4A13-88D3-B94BEF64F63C}.Ad-Hoc|x86.ActiveCfg = Release|x86
		{35FA68B7-3533-4A13-88D3-B94BEF64F63C}.Ad-Hoc|x86.Build.0 = Release|x86
		{35FA68B7-3533-4A13-88D3-B94BEF64F63C}.Ad-Hoc|x86.Deploy.0 = Release|x86
		{35FA68B7-3533-4A13-88D3-B94BEF64F63C}.AppStore|Any CPU.ActiveCfg = Release|Any CPU
		{35FA68B7-3533-4A13-88D3-B94BEF64F63C}.AppStore|Any CPU.Build.0 = Release|Any CPU
		{35FA68B7-3533-4A13-88D3-B94BEF64F63C}.AppStore|Any CPU.Deploy.0 = Release|Any CPU
		{35FA68B7-3533-4A13-88D3-B94BEF64F63C}.AppStore|ARM.ActiveCfg = Release|ARM
		{35FA68B7-3533-4A13-88D3-B94BEF64F63C}.AppStore|ARM.Build.0 = Release|ARM
		{35FA68B7-3533-4A13-88D3-B94BEF64F63C}.AppStore|ARM.Deploy.0 = Release|ARM
		{35FA68B7-3533-4A13-88D3-B94BEF64F63C}.AppStore|iPhone.ActiveCfg = Release|Any CPU
		{35FA68B7-3533-4A13-88D3-B94BEF64F63C}.AppStore|iPhone.Build.0 = Release|Any CPU
		{35FA68B7-3533-4A13-88D3-B94BEF64F63C}.AppStore|iPhone.Deploy.0 = Release|Any CPU
		{35FA68B7-3533-4A13-88D3-B94BEF64F63C}.AppStore|iPhoneSimulator.ActiveCfg = Release|Any CPU
		{35FA68B7-3533-4A13-88D3-B94BEF64F63C}.AppStore|iPhoneSimulator.Build.0 = Release|Any CPU
		{35FA68B7-3533-4A13-88D3-B94BEF64F63C}.AppStore|iPhoneSimulator.Deploy.0 = Release|Any CPU
		{35FA68B7-3533-4A13-88D3-B94BEF64F63C}.AppStore|x64.ActiveCfg = Release|Any CPU
		{35FA68B7-3533-4A13-88D3-B94BEF64F63C}.AppStore|x64.Build.0 = Release|Any CPU
		{35FA68B7-3533-4A13-88D3-B94BEF64F63C}.AppStore|x64.Deploy.0 = Release|Any CPU
		{35FA68B7-3533-4A13-88D3-B94BEF64F63C}.AppStore|x86.ActiveCfg = Release|x86
		{35FA68B7-3533-4A13-88D3-B94BEF64F63C}.AppStore|x86.Build.0 = Release|x86
		{35FA68B7-3533-4A13-88D3-B94BEF64F63C}.AppStore|x86.Deploy.0 = Release|x86
		{35FA68B7-3533-4A13-88D3-B94BEF64F63C}.Debug|Any CPU.ActiveCfg = Debug|Any CPU
		{35FA68B7-3533-4A13-88D3-B94BEF64F63C}.Debug|Any CPU.Build.0 = Debug|Any CPU
		{35FA68B7-3533-4A13-88D3-B94BEF64F63C}.Debug|Any CPU.Deploy.0 = Debug|Any CPU
		{35FA68B7-3533-4A13-88D3-B94BEF64F63C}.Debug|ARM.ActiveCfg = Debug|ARM
		{35FA68B7-3533-4A13-88D3-B94BEF64F63C}.Debug|ARM.Build.0 = Debug|ARM
		{35FA68B7-3533-4A13-88D3-B94BEF64F63C}.Debug|ARM.Deploy.0 = Debug|ARM
		{35FA68B7-3533-4A13-88D3-B94BEF64F63C}.Debug|iPhone.ActiveCfg = Debug|Any CPU
		{35FA68B7-3533-4A13-88D3-B94BEF64F63C}.Debug|iPhone.Build.0 = Debug|Any CPU
		{35FA68B7-3533-4A13-88D3-B94BEF64F63C}.Debug|iPhone.Deploy.0 = Debug|Any CPU
		{35FA68B7-3533-4A13-88D3-B94BEF64F63C}.Debug|iPhoneSimulator.ActiveCfg = Debug|Any CPU
		{35FA68B7-3533-4A13-88D3-B94BEF64F63C}.Debug|iPhoneSimulator.Build.0 = Debug|Any CPU
		{35FA68B7-3533-4A13-88D3-B94BEF64F63C}.Debug|iPhoneSimulator.Deploy.0 = Debug|Any CPU
		{35FA68B7-3533-4A13-88D3-B94BEF64F63C}.Debug|x64.ActiveCfg = Debug|Any CPU
		{35FA68B7-3533-4A13-88D3-B94BEF64F63C}.Debug|x64.Build.0 = Debug|Any CPU
		{35FA68B7-3533-4A13-88D3-B94BEF64F63C}.Debug|x64.Deploy.0 = Debug|Any CPU
		{35FA68B7-3533-4A13-88D3-B94BEF64F63C}.Debug|x86.ActiveCfg = Debug|x86
		{35FA68B7-3533-4A13-88D3-B94BEF64F63C}.Debug|x86.Build.0 = Debug|x86
		{35FA68B7-3533-4A13-88D3-B94BEF64F63C}.Debug|x86.Deploy.0 = Debug|x86
		{35FA68B7-3533-4A13-88D3-B94BEF64F63C}.Release|Any CPU.ActiveCfg = Release|Any CPU
		{35FA68B7-3533-4A13-88D3-B94BEF64F63C}.Release|Any CPU.Build.0 = Release|Any CPU
		{35FA68B7-3533-4A13-88D3-B94BEF64F63C}.Release|Any CPU.Deploy.0 = Release|Any CPU
		{35FA68B7-3533-4A13-88D3-B94BEF64F63C}.Release|ARM.ActiveCfg = Release|ARM
		{35FA68B7-3533-4A13-88D3-B94BEF64F63C}.Release|ARM.Build.0 = Release|ARM
		{35FA68B7-3533-4A13-88D3-B94BEF64F63C}.Release|ARM.Deploy.0 = Release|ARM
		{35FA68B7-3533-4A13-88D3-B94BEF64F63C}.Release|iPhone.ActiveCfg = Release|Any CPU
		{35FA68B7-3533-4A13-88D3-B94BEF64F63C}.Release|iPhone.Build.0 = Release|Any CPU
		{35FA68B7-3533-4A13-88D3-B94BEF64F63C}.Release|iPhone.Deploy.0 = Release|Any CPU
		{35FA68B7-3533-4A13-88D3-B94BEF64F63C}.Release|iPhoneSimulator.ActiveCfg = Release|Any CPU
		{35FA68B7-3533-4A13-88D3-B94BEF64F63C}.Release|iPhoneSimulator.Build.0 = Release|Any CPU
		{35FA68B7-3533-4A13-88D3-B94BEF64F63C}.Release|iPhoneSimulator.Deploy.0 = Release|Any CPU
		{35FA68B7-3533-4A13-88D3-B94BEF64F63C}.Release|x64.ActiveCfg = Release|Any CPU
		{35FA68B7-3533-4A13-88D3-B94BEF64F63C}.Release|x64.Build.0 = Release|Any CPU
		{35FA68B7-3533-4A13-88D3-B94BEF64F63C}.Release|x64.Deploy.0 = Release|Any CPU
		{35FA68B7-3533-4A13-88D3-B94BEF64F63C}.Release|x86.ActiveCfg = Release|x86
		{35FA68B7-3533-4A13-88D3-B94BEF64F63C}.Release|x86.Build.0 = Release|x86
		{35FA68B7-3533-4A13-88D3-B94BEF64F63C}.Release|x86.Deploy.0 = Release|x86
		{CF15B695-B347-4F1D-B303-27EC36FB23DA}.Ad-Hoc|Any CPU.ActiveCfg = Release|x86
		{CF15B695-B347-4F1D-B303-27EC36FB23DA}.Ad-Hoc|Any CPU.Build.0 = Release|x86
		{CF15B695-B347-4F1D-B303-27EC36FB23DA}.Ad-Hoc|Any CPU.Deploy.0 = Release|x86
		{CF15B695-B347-4F1D-B303-27EC36FB23DA}.Ad-Hoc|ARM.ActiveCfg = Release|ARM
		{CF15B695-B347-4F1D-B303-27EC36FB23DA}.Ad-Hoc|ARM.Build.0 = Release|ARM
		{CF15B695-B347-4F1D-B303-27EC36FB23DA}.Ad-Hoc|ARM.Deploy.0 = Release|ARM
		{CF15B695-B347-4F1D-B303-27EC36FB23DA}.Ad-Hoc|iPhone.ActiveCfg = Release|x86
		{CF15B695-B347-4F1D-B303-27EC36FB23DA}.Ad-Hoc|iPhone.Build.0 = Release|x86
		{CF15B695-B347-4F1D-B303-27EC36FB23DA}.Ad-Hoc|iPhone.Deploy.0 = Release|x86
		{CF15B695-B347-4F1D-B303-27EC36FB23DA}.Ad-Hoc|iPhoneSimulator.ActiveCfg = Release|x86
		{CF15B695-B347-4F1D-B303-27EC36FB23DA}.Ad-Hoc|iPhoneSimulator.Build.0 = Release|x86
		{CF15B695-B347-4F1D-B303-27EC36FB23DA}.Ad-Hoc|iPhoneSimulator.Deploy.0 = Release|x86
		{CF15B695-B347-4F1D-B303-27EC36FB23DA}.Ad-Hoc|x64.ActiveCfg = Release|x64
		{CF15B695-B347-4F1D-B303-27EC36FB23DA}.Ad-Hoc|x64.Build.0 = Release|x64
		{CF15B695-B347-4F1D-B303-27EC36FB23DA}.Ad-Hoc|x64.Deploy.0 = Release|x64
		{CF15B695-B347-4F1D-B303-27EC36FB23DA}.Ad-Hoc|x86.ActiveCfg = Release|x86
		{CF15B695-B347-4F1D-B303-27EC36FB23DA}.Ad-Hoc|x86.Build.0 = Release|x86
		{CF15B695-B347-4F1D-B303-27EC36FB23DA}.Ad-Hoc|x86.Deploy.0 = Release|x86
		{CF15B695-B347-4F1D-B303-27EC36FB23DA}.AppStore|Any CPU.ActiveCfg = Release|x86
		{CF15B695-B347-4F1D-B303-27EC36FB23DA}.AppStore|Any CPU.Build.0 = Release|x86
		{CF15B695-B347-4F1D-B303-27EC36FB23DA}.AppStore|Any CPU.Deploy.0 = Release|x86
		{CF15B695-B347-4F1D-B303-27EC36FB23DA}.AppStore|ARM.ActiveCfg = Release|ARM
		{CF15B695-B347-4F1D-B303-27EC36FB23DA}.AppStore|ARM.Build.0 = Release|ARM
		{CF15B695-B347-4F1D-B303-27EC36FB23DA}.AppStore|ARM.Deploy.0 = Release|ARM
		{CF15B695-B347-4F1D-B303-27EC36FB23DA}.AppStore|iPhone.ActiveCfg = Release|x86
		{CF15B695-B347-4F1D-B303-27EC36FB23DA}.AppStore|iPhone.Build.0 = Release|x86
		{CF15B695-B347-4F1D-B303-27EC36FB23DA}.AppStore|iPhone.Deploy.0 = Release|x86
		{CF15B695-B347-4F1D-B303-27EC36FB23DA}.AppStore|iPhoneSimulator.ActiveCfg = Release|x86
		{CF15B695-B347-4F1D-B303-27EC36FB23DA}.AppStore|iPhoneSimulator.Build.0 = Release|x86
		{CF15B695-B347-4F1D-B303-27EC36FB23DA}.AppStore|iPhoneSimulator.Deploy.0 = Release|x86
		{CF15B695-B347-4F1D-B303-27EC36FB23DA}.AppStore|x64.ActiveCfg = Release|x64
		{CF15B695-B347-4F1D-B303-27EC36FB23DA}.AppStore|x64.Build.0 = Release|x64
		{CF15B695-B347-4F1D-B303-27EC36FB23DA}.AppStore|x64.Deploy.0 = Release|x64
		{CF15B695-B347-4F1D-B303-27EC36FB23DA}.AppStore|x86.ActiveCfg = Release|x86
		{CF15B695-B347-4F1D-B303-27EC36FB23DA}.AppStore|x86.Build.0 = Release|x86
		{CF15B695-B347-4F1D-B303-27EC36FB23DA}.AppStore|x86.Deploy.0 = Release|x86
		{CF15B695-B347-4F1D-B303-27EC36FB23DA}.Debug|Any CPU.ActiveCfg = Debug|x86
		{CF15B695-B347-4F1D-B303-27EC36FB23DA}.Debug|ARM.ActiveCfg = Debug|ARM
		{CF15B695-B347-4F1D-B303-27EC36FB23DA}.Debug|ARM.Build.0 = Debug|ARM
		{CF15B695-B347-4F1D-B303-27EC36FB23DA}.Debug|ARM.Deploy.0 = Debug|ARM
		{CF15B695-B347-4F1D-B303-27EC36FB23DA}.Debug|iPhone.ActiveCfg = Debug|x86
		{CF15B695-B347-4F1D-B303-27EC36FB23DA}.Debug|iPhoneSimulator.ActiveCfg = Debug|x86
		{CF15B695-B347-4F1D-B303-27EC36FB23DA}.Debug|x64.ActiveCfg = Debug|x64
		{CF15B695-B347-4F1D-B303-27EC36FB23DA}.Debug|x64.Build.0 = Debug|x64
		{CF15B695-B347-4F1D-B303-27EC36FB23DA}.Debug|x64.Deploy.0 = Debug|x64
		{CF15B695-B347-4F1D-B303-27EC36FB23DA}.Debug|x86.ActiveCfg = Debug|x86
		{CF15B695-B347-4F1D-B303-27EC36FB23DA}.Debug|x86.Build.0 = Debug|x86
		{CF15B695-B347-4F1D-B303-27EC36FB23DA}.Debug|x86.Deploy.0 = Debug|x86
		{CF15B695-B347-4F1D-B303-27EC36FB23DA}.Release|Any CPU.ActiveCfg = Release|x86
		{CF15B695-B347-4F1D-B303-27EC36FB23DA}.Release|ARM.ActiveCfg = Release|ARM
		{CF15B695-B347-4F1D-B303-27EC36FB23DA}.Release|ARM.Build.0 = Release|ARM
		{CF15B695-B347-4F1D-B303-27EC36FB23DA}.Release|ARM.Deploy.0 = Release|ARM
		{CF15B695-B347-4F1D-B303-27EC36FB23DA}.Release|iPhone.ActiveCfg = Release|x86
		{CF15B695-B347-4F1D-B303-27EC36FB23DA}.Release|iPhoneSimulator.ActiveCfg = Release|x86
		{CF15B695-B347-4F1D-B303-27EC36FB23DA}.Release|x64.ActiveCfg = Release|x64
		{CF15B695-B347-4F1D-B303-27EC36FB23DA}.Release|x64.Build.0 = Release|x64
		{CF15B695-B347-4F1D-B303-27EC36FB23DA}.Release|x64.Deploy.0 = Release|x64
		{CF15B695-B347-4F1D-B303-27EC36FB23DA}.Release|x86.ActiveCfg = Release|x86
		{CF15B695-B347-4F1D-B303-27EC36FB23DA}.Release|x86.Build.0 = Release|x86
		{CF15B695-B347-4F1D-B303-27EC36FB23DA}.Release|x86.Deploy.0 = Release|x86
		{CB588D05-D766-41FE-B8FD-F6C62E2FF6E7}.Ad-Hoc|Any CPU.ActiveCfg = Release|Any CPU
		{CB588D05-D766-41FE-B8FD-F6C62E2FF6E7}.Ad-Hoc|Any CPU.Build.0 = Release|Any CPU
		{CB588D05-D766-41FE-B8FD-F6C62E2FF6E7}.Ad-Hoc|Any CPU.Deploy.0 = Release|Any CPU
		{CB588D05-D766-41FE-B8FD-F6C62E2FF6E7}.Ad-Hoc|ARM.ActiveCfg = Release|ARM
		{CB588D05-D766-41FE-B8FD-F6C62E2FF6E7}.Ad-Hoc|ARM.Build.0 = Release|ARM
		{CB588D05-D766-41FE-B8FD-F6C62E2FF6E7}.Ad-Hoc|ARM.Deploy.0 = Release|ARM
		{CB588D05-D766-41FE-B8FD-F6C62E2FF6E7}.Ad-Hoc|iPhone.ActiveCfg = Release|Any CPU
		{CB588D05-D766-41FE-B8FD-F6C62E2FF6E7}.Ad-Hoc|iPhone.Build.0 = Release|Any CPU
		{CB588D05-D766-41FE-B8FD-F6C62E2FF6E7}.Ad-Hoc|iPhone.Deploy.0 = Release|Any CPU
		{CB588D05-D766-41FE-B8FD-F6C62E2FF6E7}.Ad-Hoc|iPhoneSimulator.ActiveCfg = Release|Any CPU
		{CB588D05-D766-41FE-B8FD-F6C62E2FF6E7}.Ad-Hoc|iPhoneSimulator.Build.0 = Release|Any CPU
		{CB588D05-D766-41FE-B8FD-F6C62E2FF6E7}.Ad-Hoc|iPhoneSimulator.Deploy.0 = Release|Any CPU
		{CB588D05-D766-41FE-B8FD-F6C62E2FF6E7}.Ad-Hoc|x64.ActiveCfg = Release|x64
		{CB588D05-D766-41FE-B8FD-F6C62E2FF6E7}.Ad-Hoc|x64.Build.0 = Release|x64
		{CB588D05-D766-41FE-B8FD-F6C62E2FF6E7}.Ad-Hoc|x64.Deploy.0 = Release|x64
		{CB588D05-D766-41FE-B8FD-F6C62E2FF6E7}.Ad-Hoc|x86.ActiveCfg = Release|x86
		{CB588D05-D766-41FE-B8FD-F6C62E2FF6E7}.Ad-Hoc|x86.Build.0 = Release|x86
		{CB588D05-D766-41FE-B8FD-F6C62E2FF6E7}.Ad-Hoc|x86.Deploy.0 = Release|x86
		{CB588D05-D766-41FE-B8FD-F6C62E2FF6E7}.AppStore|Any CPU.ActiveCfg = Release|Any CPU
		{CB588D05-D766-41FE-B8FD-F6C62E2FF6E7}.AppStore|Any CPU.Build.0 = Release|Any CPU
		{CB588D05-D766-41FE-B8FD-F6C62E2FF6E7}.AppStore|Any CPU.Deploy.0 = Release|Any CPU
		{CB588D05-D766-41FE-B8FD-F6C62E2FF6E7}.AppStore|ARM.ActiveCfg = Release|ARM
		{CB588D05-D766-41FE-B8FD-F6C62E2FF6E7}.AppStore|ARM.Build.0 = Release|ARM
		{CB588D05-D766-41FE-B8FD-F6C62E2FF6E7}.AppStore|ARM.Deploy.0 = Release|ARM
		{CB588D05-D766-41FE-B8FD-F6C62E2FF6E7}.AppStore|iPhone.ActiveCfg = Release|Any CPU
		{CB588D05-D766-41FE-B8FD-F6C62E2FF6E7}.AppStore|iPhone.Build.0 = Release|Any CPU
		{CB588D05-D766-41FE-B8FD-F6C62E2FF6E7}.AppStore|iPhone.Deploy.0 = Release|Any CPU
		{CB588D05-D766-41FE-B8FD-F6C62E2FF6E7}.AppStore|iPhoneSimulator.ActiveCfg = Release|Any CPU
		{CB588D05-D766-41FE-B8FD-F6C62E2FF6E7}.AppStore|iPhoneSimulator.Build.0 = Release|Any CPU
		{CB588D05-D766-41FE-B8FD-F6C62E2FF6E7}.AppStore|iPhoneSimulator.Deploy.0 = Release|Any CPU
		{CB588D05-D766-41FE-B8FD-F6C62E2FF6E7}.AppStore|x64.ActiveCfg = Release|x64
		{CB588D05-D766-41FE-B8FD-F6C62E2FF6E7}.AppStore|x64.Build.0 = Release|x64
		{CB588D05-D766-41FE-B8FD-F6C62E2FF6E7}.AppStore|x64.Deploy.0 = Release|x64
		{CB588D05-D766-41FE-B8FD-F6C62E2FF6E7}.AppStore|x86.ActiveCfg = Release|x86
		{CB588D05-D766-41FE-B8FD-F6C62E2FF6E7}.AppStore|x86.Build.0 = Release|x86
		{CB588D05-D766-41FE-B8FD-F6C62E2FF6E7}.AppStore|x86.Deploy.0 = Release|x86
		{CB588D05-D766-41FE-B8FD-F6C62E2FF6E7}.Debug|Any CPU.ActiveCfg = Debug|Any CPU
		{CB588D05-D766-41FE-B8FD-F6C62E2FF6E7}.Debug|Any CPU.Build.0 = Debug|Any CPU
		{CB588D05-D766-41FE-B8FD-F6C62E2FF6E7}.Debug|Any CPU.Deploy.0 = Debug|Any CPU
		{CB588D05-D766-41FE-B8FD-F6C62E2FF6E7}.Debug|ARM.ActiveCfg = Debug|ARM
		{CB588D05-D766-41FE-B8FD-F6C62E2FF6E7}.Debug|ARM.Build.0 = Debug|ARM
		{CB588D05-D766-41FE-B8FD-F6C62E2FF6E7}.Debug|ARM.Deploy.0 = Debug|ARM
		{CB588D05-D766-41FE-B8FD-F6C62E2FF6E7}.Debug|iPhone.ActiveCfg = Debug|Any CPU
		{CB588D05-D766-41FE-B8FD-F6C62E2FF6E7}.Debug|iPhone.Build.0 = Debug|Any CPU
		{CB588D05-D766-41FE-B8FD-F6C62E2FF6E7}.Debug|iPhone.Deploy.0 = Debug|Any CPU
		{CB588D05-D766-41FE-B8FD-F6C62E2FF6E7}.Debug|iPhoneSimulator.ActiveCfg = Debug|Any CPU
		{CB588D05-D766-41FE-B8FD-F6C62E2FF6E7}.Debug|iPhoneSimulator.Build.0 = Debug|Any CPU
		{CB588D05-D766-41FE-B8FD-F6C62E2FF6E7}.Debug|iPhoneSimulator.Deploy.0 = Debug|Any CPU
		{CB588D05-D766-41FE-B8FD-F6C62E2FF6E7}.Debug|x64.ActiveCfg = Debug|x64
		{CB588D05-D766-41FE-B8FD-F6C62E2FF6E7}.Debug|x64.Build.0 = Debug|x64
		{CB588D05-D766-41FE-B8FD-F6C62E2FF6E7}.Debug|x64.Deploy.0 = Debug|x64
		{CB588D05-D766-41FE-B8FD-F6C62E2FF6E7}.Debug|x86.ActiveCfg = Debug|x86
		{CB588D05-D766-41FE-B8FD-F6C62E2FF6E7}.Debug|x86.Build.0 = Debug|x86
		{CB588D05-D766-41FE-B8FD-F6C62E2FF6E7}.Debug|x86.Deploy.0 = Debug|x86
		{CB588D05-D766-41FE-B8FD-F6C62E2FF6E7}.Release|Any CPU.ActiveCfg = Release|Any CPU
		{CB588D05-D766-41FE-B8FD-F6C62E2FF6E7}.Release|Any CPU.Build.0 = Release|Any CPU
		{CB588D05-D766-41FE-B8FD-F6C62E2FF6E7}.Release|Any CPU.Deploy.0 = Release|Any CPU
		{CB588D05-D766-41FE-B8FD-F6C62E2FF6E7}.Release|ARM.ActiveCfg = Release|ARM
		{CB588D05-D766-41FE-B8FD-F6C62E2FF6E7}.Release|ARM.Build.0 = Release|ARM
		{CB588D05-D766-41FE-B8FD-F6C62E2FF6E7}.Release|ARM.Deploy.0 = Release|ARM
		{CB588D05-D766-41FE-B8FD-F6C62E2FF6E7}.Release|iPhone.ActiveCfg = Release|Any CPU
		{CB588D05-D766-41FE-B8FD-F6C62E2FF6E7}.Release|iPhone.Build.0 = Release|Any CPU
		{CB588D05-D766-41FE-B8FD-F6C62E2FF6E7}.Release|iPhone.Deploy.0 = Release|Any CPU
		{CB588D05-D766-41FE-B8FD-F6C62E2FF6E7}.Release|iPhoneSimulator.ActiveCfg = Release|Any CPU
		{CB588D05-D766-41FE-B8FD-F6C62E2FF6E7}.Release|iPhoneSimulator.Build.0 = Release|Any CPU
		{CB588D05-D766-41FE-B8FD-F6C62E2FF6E7}.Release|iPhoneSimulator.Deploy.0 = Release|Any CPU
		{CB588D05-D766-41FE-B8FD-F6C62E2FF6E7}.Release|x64.ActiveCfg = Release|x64
		{CB588D05-D766-41FE-B8FD-F6C62E2FF6E7}.Release|x64.Build.0 = Release|x64
		{CB588D05-D766-41FE-B8FD-F6C62E2FF6E7}.Release|x64.Deploy.0 = Release|x64
		{CB588D05-D766-41FE-B8FD-F6C62E2FF6E7}.Release|x86.ActiveCfg = Release|x86
		{CB588D05-D766-41FE-B8FD-F6C62E2FF6E7}.Release|x86.Build.0 = Release|x86
		{CB588D05-D766-41FE-B8FD-F6C62E2FF6E7}.Release|x86.Deploy.0 = Release|x86
	EndGlobalSection
	GlobalSection(SolutionProperties) = preSolution
		HideSolutionNode = FALSE
	EndGlobalSection
EndGlobal
